
Microsoft Visual Studio Solution File, Format Version 12.00
# Visual Studio Version 16
VisualStudioVersion = 16.0.31515.178
MinimumVisualStudioVersion = 10.0.40219.1
Project("{FAE04EC0-301F-11D3-BF4B-00C04F79EFBC}") = "API", "API\API.csproj", "{3DC68B16-6AA8-4178-A322-ED63C2985C41}"
EndProject
Project("{2150E333-8FDC-42A3-9474-1A3956D46DE8}") = "Solution Items", "Solution Items", "{5AD911D6-2693-4613-A3BD-3ACBD4E306E5}"
	ProjectSection(SolutionItems) = preProject
		.editorconfig = .editorconfig
	EndProjectSection
EndProject
Global
	GlobalSection(SolutionConfigurationPlatforms) = preSolution
		Debug|Any CPU = Debug|Any CPU
		Release|Any CPU = Release|Any CPU
	EndGlobalSection
	GlobalSection(ProjectConfigurationPlatforms) = postSolution
		{3DC68B16-6AA8-4178-A322-ED63C2985C41}.Debug|Any CPU.ActiveCfg = Debug|Any CPU
		{3DC68B16-6AA8-4178-A322-ED63C2985C41}.Debug|Any CPU.Build.0 = Debug|Any CPU
		{3DC68B16-6AA8-4178-A322-ED63C2985C41}.Release|Any CPU.ActiveCfg = Release|Any CPU
		{3DC68B16-6AA8-4178-A322-ED63C2985C41}.Release|Any CPU.Build.0 = Release|Any CPU
	EndGlobalSection
	GlobalSection(SolutionProperties) = preSolution
		HideSolutionNode = FALSE
	EndGlobalSection
	GlobalSection(ExtensibilityGlobals) = postSolution
		SolutionGuid = {32F1AF75-E894-4AB4-8EE3-9A60B55A422A}
	EndGlobalSection
EndGlobal
